{
  "originHash" : "e043e35d89fc9c175f4169f4aa9709becdfb87b915ef76ee944456cb593c96b1",
  "pins" : [
    {
      "identity" : "hotwire-native-ios",
      "kind" : "remoteSourceControl",
      "location" : "https://github.com/hotwired/hotwire-native-ios",
      "state" : {
        "branch" : "main",
        "revision" : "5089cfaa26c45c00389f99dfffc4dfd0561b738b"
      }
    }
  ],
  "version" : 3
}
